// !$*UTF8*$!
{
	archiveVersion = 1;
	classes = {
	};
	objectVersion = 46;
	objects = {

/* Begin PBXBuildFile section */
		7445CFE21E9D773300DC1D33 /* main.c in Sources */ = {isa = PBXBuildFile; fileRef = 7445CFE11E9D773300DC1D33 /* main.c */; };
		7445CFEA1E9D7E5700DC1D33 /* getLine.c in Sources */ = {isa = PBXBuildFile; fileRef = 7445CFE81E9D7E5700DC1D33 /* getLine.c */; };
/* End PBXBuildFile section */

/* Begin PBXCopyFilesBuildPhase section */
		7445CFDC1E9D773300DC1D33 /* CopyFiles */ = {
			isa = PBXCopyFilesBuildPhase;
			buildActionMask = 2147483647;
			dstPath = /usr/share/man/man1/;
			dstSubfolderSpec = 0;
			files = (
			);
			runOnlyForDeploymentPostprocessing = 1;
		};
/* End PBXCopyFilesBuildPhase section */

/* Begin PBXFileReference section */
		7445CFDE1E9D773300DC1D33 /* pointers */ = {isa = PBXFileReference; explicitFileType = "compiled.mach-o.executable"; includeInIndex = 0; path = pointers; sourceTree = BUILT_PRODUCTS_DIR; };
		7445CFE11E9D773300DC1D33 /* main.c */ = {isa = PBXFileReference; lastKnownFileType = sourcecode.c.c; path = main.c; sourceTree = "<group>"; };
		7445CFE81E9D7E5700DC1D33 /* getLine.c */ = {isa = PBXFileReference; fileEncoding = 4; lastKnownFileType = sourcecode.c.c; path = getLine.c; sourceTree = "<group>"; };
		7445CFE91E9D7E5700DC1D33 /* getLine.h */ = {isa = PBXFileReference; fileEncoding = 4; lastKnownFileType = sourcecode.c.h; path = getLine.h; sourceTree = "<group>"; };
/* End PBXFileReference section */

/* Begin PBXFrameworksBuildPhase section */
		7445CFDB1E9D773300DC1D33 /* Frameworks */ = {
			isa = PBXFrameworksBuildPhase;
			buildActionMask = 2147483647;
			files = (
			);
			runOnlyForDeploymentPostprocessing = 0;
		};
/* End PBXFrameworksBuildPhase section */

/* Begin PBXGroup section */
		7445CFD51E9D773300DC1D33 = {
			isa = PBXGroup;
			children = (
				7445CFE01E9D773300DC1D33 /* pointers */,
				7445CFDF1E9D773300DC1D33 /* Products */,
			);
			sourceTree = "<group>";
		};
		7445CFDF1E9D773300DC1D33 /* Products */ = {
			isa = PBXGroup;
			children = (
				7445CFDE1E9D773300DC1D33 /* pointers */,
			);
			name = Products;
			sourceTree = "<group>";
		};
		7445CFE01E9D773300DC1D33 /* pointers */ = {
			isa = PBXGroup;
			children = (
				7445CFE11E9D773300DC1D33 /* main.c */,
				7445CFE81E9D7E5700DC1D33 /* getLine.c */,
				7445CFE91E9D7E5700DC1D33 /* getLine.h */,
			);
			path = pointers;
			sourceTree = "<group>";
		};
/* End PBXGroup section */

/* Begin PBXNativeTarget section */
		7445CFDD1E9D773300DC1D33 /* pointers */ = {
			isa = PBXNativeTarget;
			buildConfigurationList = 7445CFE51E9D773300DC1D33 /* Build configuration list for PBXNativeTarget "pointers" */;
			buildPhases = (
				7445CFDA1E9D773300DC1D33 /* Sources */,
				7445CFDB1E9D773300DC1D33 /* Frameworks */,
				7445CFDC1E9D773300DC1D33 /* CopyFiles */,
			);
			buildRules = (
			);
			dependencies = (
			);
			name = pointers;
			productName = pointers;
			productReference = 7445CFDE1E9D773300DC1D33 /* pointers */;
			productType = "com.apple.product-type.tool";
		};
/* End PBXNativeTarget section */

/* Begin PBXProject section */
		7445CFD61E9D773300DC1D33 /* Project object */ = {
			isa = PBXProject;
			attributes = {
				LastUpgradeCheck = 0830;
				ORGANIZATIONNAME = ayako_sayama;
				TargetAttributes = {
					7445CFDD1E9D773300DC1D33 = {
						CreatedOnToolsVersion = 8.3;
						ProvisioningStyle = Automatic;
					};
				};
			};
			buildConfigurationList = 7445CFD91E9D773300DC1D33 /* Build configuration list for PBXProject "pointers" */;
			compatibilityVersion = "Xcode 3.2";
			developmentRegion = English;
			hasScannedForEncodings = 0;
			knownRegions = (
				en,
			);
			mainGroup = 7445CFD51E9D773300DC1D33;
			productRefGroup = 7445CFDF1E9D773300DC1D33 /* Products */;
			projectDirPath = "";
			projectRoot = "";
			targets = (
				7445CFDD1E9D773300DC1D33 /* pointers */,
			);
		};
/* End PBXProject section */

/* Begin PBXSourcesBuildPhase section */
		7445CFDA1E9D773300DC1D33 /* Sources */ = {
			isa = PBXSourcesBuildPhase;
			buildActionMask = 2147483647;
			files = (
				7445CFEA1E9D7E5700DC1D33 /* getLine.c in Sources */,
				7445CFE21E9D773300DC1D33 /* main.c in Sources */,
			);
			runOnlyForDeploymentPostprocessing = 0;
		};
/* End PBXSourcesBuildPhase section */

/* Begin XCBuildConfiguration section */
		7445CFE31E9D773300DC1D33 /* Debug */ = {
			isa = XCBuildConfiguration;
			buildSettings = {
				ALWAYS_SEARCH_USER_PATHS = NO;
				CLANG_ANALYZER_NONNULL = YES;
				CLANG_ANALYZER_NUMBER_OBJECT_CONVERSION = YES_AGGRESSIVE;
				CLANG_CXX_LANGUAGE_STANDARD = "gnu++0x";
				CLANG_CXX_LIBRARY = "libc++";
				CLANG_ENABLE_MODULES = YES;
				CLANG_ENABLE_OBJC_ARC = YES;
				CLANG_WARN_BOOL_CONVERSION = YES;
				CLANG_WARN_CONSTANT_CONVERSION = YES;
				CLANG_WARN_DIRECT_OBJC_ISA_USAGE = YES_ERROR;
				CLANG_WARN_DOCUMENTATION_COMMENTS = YES;
				CLANG_WARN_EMPTY_BODY = YES;
				CLANG_WARN_ENUM_CONVERSION = YES;
				CLANG_WARN_INFINITE_RECURSION = YES;
				CLANG_WARN_INT_CONVERSION = YES;
				CLANG_WARN_OBJC_ROOT_CLASS = YES_ERROR;
				CLANG_WARN_SUSPICIOUS_MOVE = YES;
				CLANG_WARN_UNREACHABLE_CODE = YES;
				CLANG_WARN__DUPLICATE_METHOD_MATCH = YES;
				CODE_SIGN_IDENTITY = "-";
				COPY_PHASE_STRIP = NO;
				DEBUG_INFORMATION_FORMAT = dwarf;
				ENABLE_STRICT_OBJC_MSGSEND = YES;
				ENABLE_TESTABILITY = YES;
				GCC_C_LANGUAGE_STANDARD = gnu99;
				GCC_DYNAMIC_NO_PIC = NO;
				GCC_NO_COMMON_BLOCKS = YES;
				GCC_OPTIMIZATION_LEVEL = 0;
				GCC_PREPROCESSOR_DEFINITIONS = (
					"DEBUG=1",
					"$(inherited)",
				);
				GCC_WARN_64_TO_32_BIT_CONVERSION = YES;
				GCC_WARN_ABOUT_RETURN_TYPE = YES_ERROR;
				GCC_WARN_UNDECLARED_SELECTOR = YES;
				GCC_WARN_UNINITIALIZED_AUTOS = YES_AGGRESSIVE;
				GCC_WARN_UNUSED_FUNCTION = YES;
				GCC_WARN_UNUSED_VARIABLE = YES;
				MACOSX_DEPLOYMENT_TARGET = 10.12;
				MTL_ENABLE_DEBUG_INFO = YES;
				ONLY_ACTIVE_ARCH = YES;
				SDKROOT = macosx;
			};
			name = Debug;
		};
		7445CFE41E9D773300DC1D33 /* Release */ = {
			isa = XCBuildConfiguration;
			buildSettings = {
				ALWAYS_SEARCH_USER_PATHS = NO;
				CLANG_ANALYZER_NONNULL = YES;
				CLANG_ANALYZER_NUMBER_OBJECT_CONVERSION = YES_AGGRESSIVE;
				CLANG_CXX_LANGUAGE_STANDARD = "gnu++0x";
				CLANG_CXX_LIBRARY = "libc++";
				CLANG_ENABLE_MODULES = YES;
				CLANG_ENABLE_OBJC_ARC = YES;
				CLANG_WARN_BOOL_CONVERSION = YES;
				CLANG_WARN_CONSTANT_CONVERSION = YES;
				CLANG_WARN_DIRECT_OBJC_ISA_USAGE = YES_ERROR;
				CLANG_WARN_DOCUMENTATION_COMMENTS = YES;
				CLANG_WARN_EMPTY_BODY = YES;
				CLANG_WARN_ENUM_CONVERSION = YES;
				CLANG_WARN_INFINITE_RECURSION = YES;
				CLANG_WARN_INT_CONVERSION = YES;
				CLANG_WARN_OBJC_ROOT_CLASS = YES_ERROR;
				CLANG_WARN_SUSPICIOUS_MOVE = YES;
				CLANG_WARN_UNREACHABLE_CODE = YES;
				CLANG_WARN__DUPLICATE_METHOD_MATCH = YES;
				CODE_SIGN_IDENTITY = "-";
				COPY_PHASE_STRIP = NO;
				DEBUG_INFORMATION_FORMAT = "dwarf-with-dsym";
				ENABLE_NS_ASSERTIONS = NO;
				ENABLE_STRICT_OBJC_MSGSEND = YES;
				GCC_C_LANGUAGE_STANDARD = gnu99;
				GCC_NO_COMMON_BLOCKS = YES;
				GCC_WARN_64_TO_32_BIT_CONVERSION = YES;
				GCC_WARN_ABOUT_RETURN_TYPE = YES_ERROR;
				GCC_WARN_UNDECLARED_SELECTOR = YES;
				GCC_WARN_UNINITIALIZED_AUTOS = YES_AGGRESSIVE;
				GCC_WARN_UNUSED_FUNCTION = YES;
				GCC_WARN_UNUSED_VARIABLE = YES;
				MACOSX_DEPLOYMENT_TARGET = 10.12;
				MTL_ENABLE_DEBUG_INFO = NO;
				SDKROOT = macosx;
			};
			name = Release;
		};
		7445CFE61E9D773300DC1D33 /* Debug */ = {
			isa = XCBuildConfiguration;
			buildSettings = {
				PRODUCT_NAME = "$(TARGET_NAME)";
			};
			name = Debug;
		};
		7445CFE71E9D773300DC1D33 /* Release */ = {
			isa = XCBuildConfiguration;
			buildSettings = {
				PRODUCT_NAME = "$(TARGET_NAME)";
			};
			name = Release;
		};
/* End XCBuildConfiguration section */

/* Begin XCConfigurationList section */
		7445CFD91E9D773300DC1D33 /* Build configuration list for PBXProject "pointers" */ = {
			isa = XCConfigurationList;
			buildConfigurations = (
				7445CFE31E9D773300DC1D33 /* Debug */,
				7445CFE41E9D773300DC1D33 /* Release */,
			);
			defaultConfigurationIsVisible = 0;
			defaultConfigurationName = Release;
		};
		7445CFE51E9D773300DC1D33 /* Build configuration list for PBXNativeTarget "pointers" */ = {
			isa = XCConfigurationList;
			buildConfigurations = (
				7445CFE61E9D773300DC1D33 /* Debug */,
				7445CFE71E9D773300DC1D33 /* Release */,
			);
			defaultConfigurationIsVisible = 0;
		};
/* End XCConfigurationList section */
	};
	rootObject = 7445CFD61E9D773300DC1D33 /* Project object */;
}
