// !$*UTF8*$!
{
	archiveVersion = 1;
	classes = {
	};
	objectVersion = 46;
	objects = {

/* Begin PBXBuildFile section */
		7445CFC61E9C226F00DC1D33 /* main.c in Sources */ = {isa = PBXBuildFile; fileRef = 7445CFC51E9C226F00DC1D33 /* main.c */; };
		7445CFCE1E9C246500DC1D33 /* getLine.c in Sources */ = {isa = PBXBuildFile; fileRef = 7445CFCC1E9C246500DC1D33 /* getLine.c */; };
		7445CFD11E9C3C1E00DC1D33 /* getNumChar.c in Sources */ = {isa = PBXBuildFile; fileRef = 7445CFCF1E9C3C1E00DC1D33 /* getNumChar.c */; };
		7445CFD41E9C4D9900DC1D33 /* replaceLetters.c in Sources */ = {isa = PBXBuildFile; fileRef = 7445CFD21E9C4D9900DC1D33 /* replaceLetters.c */; };
/* End PBXBuildFile section */

/* Begin PBXCopyFilesBuildPhase section */
		7445CFC01E9C226F00DC1D33 /* CopyFiles */ = {
			isa = PBXCopyFilesBuildPhase;
			buildActionMask = 2147483647;
			dstPath = /usr/share/man/man1/;
			dstSubfolderSpec = 0;
			files = (
			);
			runOnlyForDeploymentPostprocessing = 1;
		};
/* End PBXCopyFilesBuildPhase section */

/* Begin PBXFileReference section */
		7445CFC21E9C226F00DC1D33 /* macro */ = {isa = PBXFileReference; explicitFileType = "compiled.mach-o.executable"; includeInIndex = 0; path = macro; sourceTree = BUILT_PRODUCTS_DIR; };
		7445CFC51E9C226F00DC1D33 /* main.c */ = {isa = PBXFileReference; lastKnownFileType = sourcecode.c.c; path = main.c; sourceTree = "<group>"; };
		7445CFCC1E9C246500DC1D33 /* getLine.c */ = {isa = PBXFileReference; fileEncoding = 4; lastKnownFileType = sourcecode.c.c; path = getLine.c; sourceTree = "<group>"; };
		7445CFCD1E9C246500DC1D33 /* getLine.h */ = {isa = PBXFileReference; fileEncoding = 4; lastKnownFileType = sourcecode.c.h; path = getLine.h; sourceTree = "<group>"; };
		7445CFCF1E9C3C1E00DC1D33 /* getNumChar.c */ = {isa = PBXFileReference; fileEncoding = 4; lastKnownFileType = sourcecode.c.c; path = getNumChar.c; sourceTree = "<group>"; };
		7445CFD01E9C3C1E00DC1D33 /* getNumChar.h */ = {isa = PBXFileReference; fileEncoding = 4; lastKnownFileType = sourcecode.c.h; path = getNumChar.h; sourceTree = "<group>"; };
		7445CFD21E9C4D9900DC1D33 /* replaceLetters.c */ = {isa = PBXFileReference; fileEncoding = 4; lastKnownFileType = sourcecode.c.c; path = replaceLetters.c; sourceTree = "<group>"; };
		7445CFD31E9C4D9900DC1D33 /* replaceLetters.h */ = {isa = PBXFileReference; fileEncoding = 4; lastKnownFileType = sourcecode.c.h; path = replaceLetters.h; sourceTree = "<group>"; };
/* End PBXFileReference section */

/* Begin PBXFrameworksBuildPhase section */
		7445CFBF1E9C226F00DC1D33 /* Frameworks */ = {
			isa = PBXFrameworksBuildPhase;
			buildActionMask = 2147483647;
			files = (
			);
			runOnlyForDeploymentPostprocessing = 0;
		};
/* End PBXFrameworksBuildPhase section */

/* Begin PBXGroup section */
		7445CFB91E9C226F00DC1D33 = {
			isa = PBXGroup;
			children = (
				7445CFC41E9C226F00DC1D33 /* macro */,
				7445CFC31E9C226F00DC1D33 /* Products */,
			);
			sourceTree = "<group>";
		};
		7445CFC31E9C226F00DC1D33 /* Products */ = {
			isa = PBXGroup;
			children = (
				7445CFC21E9C226F00DC1D33 /* macro */,
			);
			name = Products;
			sourceTree = "<group>";
		};
		7445CFC41E9C226F00DC1D33 /* macro */ = {
			isa = PBXGroup;
			children = (
				7445CFC51E9C226F00DC1D33 /* main.c */,
				7445CFD21E9C4D9900DC1D33 /* replaceLetters.c */,
				7445CFD31E9C4D9900DC1D33 /* replaceLetters.h */,
				7445CFCF1E9C3C1E00DC1D33 /* getNumChar.c */,
				7445CFD01E9C3C1E00DC1D33 /* getNumChar.h */,
				7445CFCC1E9C246500DC1D33 /* getLine.c */,
				7445CFCD1E9C246500DC1D33 /* getLine.h */,
			);
			path = macro;
			sourceTree = "<group>";
		};
/* End PBXGroup section */

/* Begin PBXNativeTarget section */
		7445CFC11E9C226F00DC1D33 /* macro */ = {
			isa = PBXNativeTarget;
			buildConfigurationList = 7445CFC91E9C226F00DC1D33 /* Build configuration list for PBXNativeTarget "macro" */;
			buildPhases = (
				7445CFBE1E9C226F00DC1D33 /* Sources */,
				7445CFBF1E9C226F00DC1D33 /* Frameworks */,
				7445CFC01E9C226F00DC1D33 /* CopyFiles */,
			);
			buildRules = (
			);
			dependencies = (
			);
			name = macro;
			productName = macro;
			productReference = 7445CFC21E9C226F00DC1D33 /* macro */;
			productType = "com.apple.product-type.tool";
		};
/* End PBXNativeTarget section */

/* Begin PBXProject section */
		7445CFBA1E9C226F00DC1D33 /* Project object */ = {
			isa = PBXProject;
			attributes = {
				LastUpgradeCheck = 0830;
				ORGANIZATIONNAME = ayako_sayama;
				TargetAttributes = {
					7445CFC11E9C226F00DC1D33 = {
						CreatedOnToolsVersion = 8.3;
						ProvisioningStyle = Automatic;
					};
				};
			};
			buildConfigurationList = 7445CFBD1E9C226F00DC1D33 /* Build configuration list for PBXProject "macro" */;
			compatibilityVersion = "Xcode 3.2";
			developmentRegion = English;
			hasScannedForEncodings = 0;
			knownRegions = (
				en,
			);
			mainGroup = 7445CFB91E9C226F00DC1D33;
			productRefGroup = 7445CFC31E9C226F00DC1D33 /* Products */;
			projectDirPath = "";
			projectRoot = "";
			targets = (
				7445CFC11E9C226F00DC1D33 /* macro */,
			);
		};
/* End PBXProject section */

/* Begin PBXSourcesBuildPhase section */
		7445CFBE1E9C226F00DC1D33 /* Sources */ = {
			isa = PBXSourcesBuildPhase;
			buildActionMask = 2147483647;
			files = (
				7445CFD41E9C4D9900DC1D33 /* replaceLetters.c in Sources */,
				7445CFCE1E9C246500DC1D33 /* getLine.c in Sources */,
				7445CFC61E9C226F00DC1D33 /* main.c in Sources */,
				7445CFD11E9C3C1E00DC1D33 /* getNumChar.c in Sources */,
			);
			runOnlyForDeploymentPostprocessing = 0;
		};
/* End PBXSourcesBuildPhase section */

/* Begin XCBuildConfiguration section */
		7445CFC71E9C226F00DC1D33 /* Debug */ = {
			isa = XCBuildConfiguration;
			buildSettings = {
				ALWAYS_SEARCH_USER_PATHS = NO;
				CLANG_ANALYZER_NONNULL = YES;
				CLANG_ANALYZER_NUMBER_OBJECT_CONVERSION = YES_AGGRESSIVE;
				CLANG_CXX_LANGUAGE_STANDARD = "gnu++0x";
				CLANG_CXX_LIBRARY = "libc++";
				CLANG_ENABLE_MODULES = YES;
				CLANG_ENABLE_OBJC_ARC = YES;
				CLANG_WARN_BOOL_CONVERSION = YES;
				CLANG_WARN_CONSTANT_CONVERSION = YES;
				CLANG_WARN_DIRECT_OBJC_ISA_USAGE = YES_ERROR;
				CLANG_WARN_DOCUMENTATION_COMMENTS = YES;
				CLANG_WARN_EMPTY_BODY = YES;
				CLANG_WARN_ENUM_CONVERSION = YES;
				CLANG_WARN_INFINITE_RECURSION = YES;
				CLANG_WARN_INT_CONVERSION = YES;
				CLANG_WARN_OBJC_ROOT_CLASS = YES_ERROR;
				CLANG_WARN_SUSPICIOUS_MOVE = YES;
				CLANG_WARN_UNREACHABLE_CODE = YES;
				CLANG_WARN__DUPLICATE_METHOD_MATCH = YES;
				CODE_SIGN_IDENTITY = "-";
				COPY_PHASE_STRIP = NO;
				DEBUG_INFORMATION_FORMAT = dwarf;
				ENABLE_STRICT_OBJC_MSGSEND = YES;
				ENABLE_TESTABILITY = YES;
				GCC_C_LANGUAGE_STANDARD = gnu99;
				GCC_DYNAMIC_NO_PIC = NO;
				GCC_NO_COMMON_BLOCKS = YES;
				GCC_OPTIMIZATION_LEVEL = 0;
				GCC_PREPROCESSOR_DEFINITIONS = (
					"DEBUG=1",
					"$(inherited)",
				);
				GCC_WARN_64_TO_32_BIT_CONVERSION = YES;
				GCC_WARN_ABOUT_RETURN_TYPE = YES_ERROR;
				GCC_WARN_UNDECLARED_SELECTOR = YES;
				GCC_WARN_UNINITIALIZED_AUTOS = YES_AGGRESSIVE;
				GCC_WARN_UNUSED_FUNCTION = YES;
				GCC_WARN_UNUSED_VARIABLE = YES;
				MACOSX_DEPLOYMENT_TARGET = 10.12;
				MTL_ENABLE_DEBUG_INFO = YES;
				ONLY_ACTIVE_ARCH = YES;
				SDKROOT = macosx;
			};
			name = Debug;
		};
		7445CFC81E9C226F00DC1D33 /* Release */ = {
			isa = XCBuildConfiguration;
			buildSettings = {
				ALWAYS_SEARCH_USER_PATHS = NO;
				CLANG_ANALYZER_NONNULL = YES;
				CLANG_ANALYZER_NUMBER_OBJECT_CONVERSION = YES_AGGRESSIVE;
				CLANG_CXX_LANGUAGE_STANDARD = "gnu++0x";
				CLANG_CXX_LIBRARY = "libc++";
				CLANG_ENABLE_MODULES = YES;
				CLANG_ENABLE_OBJC_ARC = YES;
				CLANG_WARN_BOOL_CONVERSION = YES;
				CLANG_WARN_CONSTANT_CONVERSION = YES;
				CLANG_WARN_DIRECT_OBJC_ISA_USAGE = YES_ERROR;
				CLANG_WARN_DOCUMENTATION_COMMENTS = YES;
				CLANG_WARN_EMPTY_BODY = YES;
				CLANG_WARN_ENUM_CONVERSION = YES;
				CLANG_WARN_INFINITE_RECURSION = YES;
				CLANG_WARN_INT_CONVERSION = YES;
				CLANG_WARN_OBJC_ROOT_CLASS = YES_ERROR;
				CLANG_WARN_SUSPICIOUS_MOVE = YES;
				CLANG_WARN_UNREACHABLE_CODE = YES;
				CLANG_WARN__DUPLICATE_METHOD_MATCH = YES;
				CODE_SIGN_IDENTITY = "-";
				COPY_PHASE_STRIP = NO;
				DEBUG_INFORMATION_FORMAT = "dwarf-with-dsym";
				ENABLE_NS_ASSERTIONS = NO;
				ENABLE_STRICT_OBJC_MSGSEND = YES;
				GCC_C_LANGUAGE_STANDARD = gnu99;
				GCC_NO_COMMON_BLOCKS = YES;
				GCC_WARN_64_TO_32_BIT_CONVERSION = YES;
				GCC_WARN_ABOUT_RETURN_TYPE = YES_ERROR;
				GCC_WARN_UNDECLARED_SELECTOR = YES;
				GCC_WARN_UNINITIALIZED_AUTOS = YES_AGGRESSIVE;
				GCC_WARN_UNUSED_FUNCTION = YES;
				GCC_WARN_UNUSED_VARIABLE = YES;
				MACOSX_DEPLOYMENT_TARGET = 10.12;
				MTL_ENABLE_DEBUG_INFO = NO;
				SDKROOT = macosx;
			};
			name = Release;
		};
		7445CFCA1E9C226F00DC1D33 /* Debug */ = {
			isa = XCBuildConfiguration;
			buildSettings = {
				PRODUCT_NAME = "$(TARGET_NAME)";
			};
			name = Debug;
		};
		7445CFCB1E9C226F00DC1D33 /* Release */ = {
			isa = XCBuildConfiguration;
			buildSettings = {
				PRODUCT_NAME = "$(TARGET_NAME)";
			};
			name = Release;
		};
/* End XCBuildConfiguration section */

/* Begin XCConfigurationList section */
		7445CFBD1E9C226F00DC1D33 /* Build configuration list for PBXProject "macro" */ = {
			isa = XCConfigurationList;
			buildConfigurations = (
				7445CFC71E9C226F00DC1D33 /* Debug */,
				7445CFC81E9C226F00DC1D33 /* Release */,
			);
			defaultConfigurationIsVisible = 0;
			defaultConfigurationName = Release;
		};
		7445CFC91E9C226F00DC1D33 /* Build configuration list for PBXNativeTarget "macro" */ = {
			isa = XCConfigurationList;
			buildConfigurations = (
				7445CFCA1E9C226F00DC1D33 /* Debug */,
				7445CFCB1E9C226F00DC1D33 /* Release */,
			);
			defaultConfigurationIsVisible = 0;
		};
/* End XCConfigurationList section */
	};
	rootObject = 7445CFBA1E9C226F00DC1D33 /* Project object */;
}
